
Microsoft Visual Studio Solution File, Format Version 12.00
# Visual Studio 14
VisualStudioVersion = 14.0.25420.1
MinimumVisualStudioVersion = 10.0.40219.1
Project("{FAE04EC0-301F-11D3-BF4B-00C04F79EFBC}") = "Garage", "Garage\Garage.csproj", "{54B85A1E-2AA9-438A-BE3C-D565094CCECD}"
EndProject
Project("{FAE04EC0-301F-11D3-BF4B-00C04F79EFBC}") = "CarUse", "CarUse\CarUse.csproj", "{C1E1F687-426E-42EF-8B35-74CCDBD25937}"
EndProject
Global
	GlobalSection(SolutionConfigurationPlatforms) = preSolution
		Debug|Any CPU = Debug|Any CPU
		Release|Any CPU = Release|Any CPU
	EndGlobalSection
	GlobalSection(ProjectConfigurationPlatforms) = postSolution
		{54B85A1E-2AA9-438A-BE3C-D565094CCECD}.Debug|Any CPU.ActiveCfg = Debug|Any CPU
		{54B85A1E-2AA9-438A-BE3C-D565094CCECD}.Debug|Any CPU.Build.0 = Debug|Any CPU
		{54B85A1E-2AA9-438A-BE3C-D565094CCECD}.Release|Any CPU.ActiveCfg = Release|Any CPU
		{54B85A1E-2AA9-438A-BE3C-D565094CCECD}.Release|Any CPU.Build.0 = Release|Any CPU
		{C1E1F687-426E-42EF-8B35-74CCDBD25937}.Debug|Any CPU.ActiveCfg = Debug|Any CPU
		{C1E1F687-426E-42EF-8B35-74CCDBD25937}.Debug|Any CPU.Build.0 = Debug|Any CPU
		{C1E1F687-426E-42EF-8B35-74CCDBD25937}.Release|Any CPU.ActiveCfg = Release|Any CPU
		{C1E1F687-426E-42EF-8B35-74CCDBD25937}.Release|Any CPU.Build.0 = Release|Any CPU
	EndGlobalSection
	GlobalSection(SolutionProperties) = preSolution
		HideSolutionNode = FALSE
	EndGlobalSection
EndGlobal
