
Microsoft Visual Studio Solution File, Format Version 12.00
# Visual Studio 14
VisualStudioVersion = 14.0.25420.1
MinimumVisualStudioVersion = 10.0.40219.1
Project("{FAE04EC0-301F-11D3-BF4B-00C04F79EFBC}") = "MatrixMain", "MatrixMain\MatrixMain.csproj", "{6B302C5F-D801-4A39-9C61-15D0C6A2974D}"
EndProject
Project("{FAE04EC0-301F-11D3-BF4B-00C04F79EFBC}") = "Matrixes", "Matrixes\Matrixes.csproj", "{4518C675-7072-4482-9549-BA9CE4BFDDAD}"
EndProject
Global
	GlobalSection(SolutionConfigurationPlatforms) = preSolution
		Debug|Any CPU = Debug|Any CPU
		Release|Any CPU = Release|Any CPU
	EndGlobalSection
	GlobalSection(ProjectConfigurationPlatforms) = postSolution
		{6B302C5F-D801-4A39-9C61-15D0C6A2974D}.Debug|Any CPU.ActiveCfg = Debug|Any CPU
		{6B302C5F-D801-4A39-9C61-15D0C6A2974D}.Debug|Any CPU.Build.0 = Debug|Any CPU
		{6B302C5F-D801-4A39-9C61-15D0C6A2974D}.Release|Any CPU.ActiveCfg = Release|Any CPU
		{6B302C5F-D801-4A39-9C61-15D0C6A2974D}.Release|Any CPU.Build.0 = Release|Any CPU
		{4518C675-7072-4482-9549-BA9CE4BFDDAD}.Debug|Any CPU.ActiveCfg = Debug|Any CPU
		{4518C675-7072-4482-9549-BA9CE4BFDDAD}.Debug|Any CPU.Build.0 = Debug|Any CPU
		{4518C675-7072-4482-9549-BA9CE4BFDDAD}.Release|Any CPU.ActiveCfg = Release|Any CPU
		{4518C675-7072-4482-9549-BA9CE4BFDDAD}.Release|Any CPU.Build.0 = Release|Any CPU
	EndGlobalSection
	GlobalSection(SolutionProperties) = preSolution
		HideSolutionNode = FALSE
	EndGlobalSection
EndGlobal
